PackratFormat: 1.4
PackratVersion: 0.4.8.1
RVersion: 3.4.1
Repos: CRAN=https://cran.rstudio.com/,
    CRANextra=http://www.stats.ox.ac.uk/pub/RWin

Package: BH
Source: CRAN
Version: 1.65.0-1
Hash: 95f62be4d6916aae14a310a8b56a6475

Package: DBI
Source: CRAN
Version: 0.7
Hash: 1ab72df487f06ad5f0de05446cdd4bd6

Package: DT
Source: CRAN
Version: 0.2
Hash: 36b032203797956fedad5a25055016a9
Requires: htmltools, htmlwidgets, magrittr

Package: R.methodsS3
Source: CRAN
Version: 1.7.1
Hash: 99f841ba1614c005e6672c5fb01b352a

Package: R.oo
Source: CRAN
Version: 1.21.0
Hash: d155101c5eb87d728d43e23c6902f4d5
Requires: R.methodsS3

Package: R.utils
Source: CRAN
Version: 2.5.0
Hash: 15d8a7e9c80859cd587510b529dce2dc
Requires: R.methodsS3, R.oo

Package: R6
Source: CRAN
Version: 2.2.2
Hash: b2366cd9d2f3851a5704b4e192b985c2

Package: RColorBrewer
Source: CRAN
Version: 1.1-2
Hash: c0d56cd15034f395874c870141870c25

Package: RCurl
Source: CRAN
Version: 1.95-4.8
Hash: 79c7d5a8684e44e0e3426d3093aa7d90
Requires: bitops

Package: RSelenium
Source: CRAN
Version: 1.7.1
Hash: df30e4b7228823c97f5c2fc6da269575
Requires: XML, binman, caTools, httr, openssl, wdman

Package: Rcpp
Source: CRAN
Version: 0.12.12
Hash: 8b3d5ebb9a9a4ab5c86b3a81b0cfb774

Package: V8
Source: CRAN
Version: 1.5
Hash: 3613e12af69c327c8f160696a6fd01d1
Requires: Rcpp, curl, jsonlite

Package: XLConnect
Source: CRAN
Version: 0.2-13
Hash: d361162e10a42284a75fa68f88beac97
Requires: XLConnectJars, rJava

Package: XLConnectJars
Source: CRAN
Version: 0.2-13
Hash: d8dc0a7e5af6bae873b21dc61ff3b4ca
Requires: rJava

Package: XML
Source: CRAN
Version: 3.98-1.9
Hash: 02079c4025bbfa0f63400cc0bb414952

Package: assertthat
Source: CRAN
Version: 0.2.0
Hash: e8805df54c65ac96d50235c44a82615c

Package: base64enc
Source: CRAN
Version: 0.1-3
Hash: c590d29e555926af053055e23ee79efb

Package: bindr
Source: CRAN
Version: 0.1
Hash: e3a02070cf705d3ad1c5af1635a515a3

Package: bindrcpp
Source: CRAN
Version: 0.2
Hash: 8ab2dbf7ea120cf2d31183e0bf388485
Requires: Rcpp, bindr, plogr

Package: binman
Source: CRAN
Version: 0.1.0
Hash: 5da2c054e60e56a67eea59a2b697a6f6
Requires: assertthat, httr, jsonlite, rappdirs, semver, xml2, yaml

Package: bitops
Source: CRAN
Version: 1.0-6
Hash: 67d0775189fd0041d95abca618c5c07e

Package: brew
Source: CRAN
Version: 1.0-6
Hash: 931f9972deae0f205e1c78a51f33149b

Package: caTools
Source: CRAN
Version: 1.17.1
Hash: 97cb6f6293cd18d17df77a6383cc6763
Requires: bitops

Package: cellranger
Source: CRAN
Version: 1.1.0
Hash: 4e1ef4d099b0c5fd531a3938cf4624bd
Requires: rematch, tibble

Package: colorspace
Source: CRAN
Version: 1.3-2
Hash: 0bf8618b585fa98eb23414cd3ab95118

Package: crosstalk
Source: CRAN
Version: 1.0.0
Hash: c13adea5906fbe2becfcb5f843b26749
Requires: R6, ggplot2, htmltools, jsonlite, lazyeval, shiny

Package: curl
Source: CRAN
Version: 2.8.1
Hash: 5a3f385f21add1e944b93b3cd9ce8b48

Package: data.table
Source: CRAN
Version: 1.10.4
Hash: 2c7c47ccb40d01c7b214c8eff818108d

Package: dcmsmaps
Source: github
Version: 0.1.0
Hash: 790cc5a41f58a50e51e0c2d3954402c8
Requires: ggplot2, sp
GithubRepo: dcmsmaps
GithubUsername: DCMSstats
GithubRef: master
GithubSha1: b3c5b3e624674c08efce39105c2fecd29a219b6f

Package: devtools
Source: CRAN
Version: 1.13.3
Hash: 2e91d10786ace8f6258480f576bb91f3
Requires: digest, git2r, httr, jsonlite, memoise, rstudioapi, whisker,
    withr

Package: dichromat
Source: CRAN
Version: 2.0-0
Hash: 08eed0c80510af29bb15f840ccfe37ce

Package: digest
Source: CRAN
Version: 0.6.12
Hash: e53fb8c58673df868183697e39a6a4d6

Package: docker
Source: CRAN
Version: 0.0.2
Hash: 4decb40edb75a6e3aa8cea5f949531f7
Requires: reticulate

Package: dplyr
Source: CRAN
Version: 0.7.3
Hash: 8083d22491cbb94e00727a9d7f590bf5
Requires: BH, R6, Rcpp, assertthat, bindrcpp, glue, magrittr,
    pkgconfig, plogr, rlang, tibble

Package: foreach
Source: CRAN
Version: 1.4.3
Hash: cd53ef4cf29dc59ce3f8c5c1af735fd1
Requires: iterators

Package: gdalUtils
Source: CRAN
Version: 2.0.1.7
Hash: 598915498d88cf50d2072e2db5841189
Requires: R.utils, foreach, raster, rgdal, sp

Package: geojson
Source: CRAN
Version: 0.1.2
Hash: 28867bf720f72ecd0d857ae05b3a0dd3
Requires: jqr, jsonlite, lazyeval, magrittr, protolite, sp

Package: geojsonio
Source: CRAN
Version: 0.4.2
Hash: 3a941694502d8ab0e8222ab736ff14f7
Requires: V8, geojson, httr, jsonlite, magrittr, maptools, readr,
    rgdal, rgeos, sp

Package: geojsonlint
Source: CRAN
Version: 0.2.0
Hash: 867b5e4320d9fac14c4d6f7abe732f9f
Requires: V8, httr, jsonlite, jsonvalidate

Package: ggplot2
Source: CRAN
Version: 2.2.1
Hash: 46e5cb78836848aa44655e577433f54b
Requires: digest, gtable, lazyeval, plyr, reshape2, scales, tibble

Package: git2r
Source: CRAN
Version: 0.19.0
Hash: f4f7966fc357f60dc62dbffcea917eef

Package: glue
Source: CRAN
Version: 1.1.1
Hash: dfd5a27768175ae51d08dc6beba1ef11

Package: gridExtra
Source: CRAN
Version: 2.3
Hash: fa977bc1aab5588a08123b10ceb1ad3d
Requires: gtable

Package: gtable
Source: CRAN
Version: 0.2.0
Hash: cd78381a9d3fea966ac39bd0daaf5554

Package: hexbin
Source: CRAN
Version: 1.27.1
Hash: 378383b2c37556649fd6b2ee0be7e2a5

Package: hms
Source: CRAN
Version: 0.3
Hash: 3fca8a1c97e6cfb297fe3f4690f82c58

Package: htmltools
Source: CRAN
Version: 0.3.6
Hash: 5b070a04ef8df1953544873db1c5896e
Requires: Rcpp, digest

Package: htmlwidgets
Source: CRAN
Version: 0.9
Hash: 7514f6ea9f3bef6d9b6c945095275302
Requires: htmltools, jsonlite, yaml

Package: httpuv
Source: CRAN
Version: 1.3.5
Hash: 2cc5284565b71276d1faf3d5c043fe4e
Requires: Rcpp

Package: httr
Source: CRAN
Version: 1.3.1
Hash: 2d32e01e53d532c812052e27a1021441
Requires: R6, curl, jsonlite, mime, openssl

Package: iterators
Source: CRAN
Version: 1.0.8
Hash: 488b93c2a4166db0d15f1e8d882cb1d4

Package: jqr
Source: CRAN
Version: 1.0.0
Hash: ae7237a3a2461f330c0dbe57e62cad48
Requires: lazyeval, magrittr

Package: jsonlite
Source: CRAN
Version: 1.5
Hash: 9c51936d8dd00b2f1d4fe9d10499694c

Package: jsonvalidate
Source: CRAN
Version: 1.0.0
Hash: 16d43b5a0a0a9bdef9105c9c3d0b9738
Requires: V8

Package: labeling
Source: CRAN
Version: 0.3
Hash: ecf589b42cd284b03a4beb9665482d3e

Package: lazyeval
Source: CRAN
Version: 0.2.0
Hash: 3d6e7608e65bbf5cb170dab1e3c9ed8b

Package: leaflet
Source: CRAN
Version: 1.1.0
Hash: 25f9a891535d490e22c4e200bf303362
Requires: RColorBrewer, base64enc, crosstalk, htmltools, htmlwidgets,
    magrittr, markdown, png, raster, scales, sp, viridis

Package: lubridate
Source: CRAN
Version: 1.6.0
Hash: b90f4cbefe0b3c545dd68b22c66a8a12
Requires: stringr

Package: magrittr
Source: CRAN
Version: 1.5
Hash: bdc4d48c3135e8f3b399536ddf160df4

Package: maps
Source: CRAN
Version: 3.2.0
Hash: 086a0f4e41bf42749d8737e9407a4853

Package: maptools
Source: CRAN
Version: 0.9-2
Hash: 2dfbad6ef57f83a91e4e9d4ccc0807cd
Requires: sp

Package: mapview
Source: CRAN
Version: 2.1.4
Hash: 8f54bb099502bb449cad07ee3c3cbcf9
Requires: Rcpp, base64enc, brew, gdalUtils, htmltools, htmlwidgets,
    leaflet, png, raster, satellite, scales, sf, sp, viridisLite,
    webshot

Package: markdown
Source: CRAN
Version: 0.8
Hash: 045d7c594d503b41f1c28946d076c8aa
Requires: mime

Package: memoise
Source: CRAN
Version: 1.1.0
Hash: 410fcd334bc626db100237cc1370f2e9
Requires: digest

Package: mime
Source: CRAN
Version: 0.5
Hash: 463550cf44fb6f0a2359368f42eebe62

Package: munsell
Source: CRAN
Version: 0.4.3
Hash: f96d896947fcaf9b6d0074002e9f4f9d
Requires: colorspace

Package: officer
Source: CRAN
Version: 0.1.8
Hash: e0478cfa9dd4137fe324acca758d3d90
Requires: R.utils, R6, Rcpp, base64enc, digest, dplyr, ggplot2,
    htmltools, magrittr, purrr, tibble, uuid, xml2, zip

Package: openssl
Source: CRAN
Version: 0.9.7
Hash: 225d43f64f60e8996d10efe15b381c66

Package: packrat
Source: CRAN
Version: 0.4.8-1
Hash: 6ad605ba7b4b476d84be6632393f5765

Package: pdftools
Source: CRAN
Version: 1.4
Hash: 7a7fabbcd891501870e984d2879b37aa
Requires: Rcpp

Package: pkgconfig
Source: CRAN
Version: 2.0.1
Hash: 0dda4a2654a22b36a715c2b0b6fbacac

Package: plogr
Source: CRAN
Version: 0.1-1
Hash: fb19215402e2d9f1c7f803dcaa806fc2

Package: plotly
Source: CRAN
Version: 4.7.1
Hash: 18d2de809bf346363cd4ee7a587d58bf
Requires: RColorBrewer, base64enc, crosstalk, data.table, digest,
    dplyr, ggplot2, hexbin, htmltools, htmlwidgets, httr, jsonlite,
    lazyeval, magrittr, purrr, scales, tibble, tidyr, viridisLite

Package: plyr
Source: CRAN
Version: 1.8.4
Hash: 8fbaff6962e3421b5c9652eebae36159
Requires: Rcpp

Package: png
Source: CRAN
Version: 0.1-7
Hash: 421d7d6e0fb4bd885ecbd909b6456b8b

Package: protolite
Source: CRAN
Version: 1.7
Hash: 910758566be636e198a595a47ff0bb55
Requires: Rcpp, jsonlite

Package: purrr
Source: CRAN
Version: 0.2.3
Hash: d741f262ed1b74543e33c5426a497996
Requires: magrittr, rlang, tibble

Package: rJava
Source: CRAN
Version: 0.9-8
Hash: 3e8627a2a5bd45c9bad6112acfc231d9

Package: rappdirs
Source: CRAN
Version: 0.3.1
Hash: 7340cfebc77ad7b107a549a8635e64dd

Package: raster
Source: CRAN
Version: 2.5-8
Hash: 082eefcf49830e46ff808b2749fc39bd
Requires: Rcpp, sp

Package: readr
Source: CRAN
Version: 1.1.1
Hash: 608d01ba857a1acf3c9ddf6ab3d10869
Requires: BH, R6, Rcpp, hms, tibble

Package: readxl
Source: CRAN
Version: 1.0.0
Hash: 83bc4a5b41d247b40ce7161ade89baf3
Requires: Rcpp, cellranger, tibble

Package: rematch
Source: CRAN
Version: 1.0.1
Hash: ad4faf59e7611117ff165817074c50c7

Package: reshape2
Source: CRAN
Version: 1.4.2
Hash: df8d1de05444abd99e423c1e3b84c9b0
Requires: Rcpp, plyr, stringr

Package: reticulate
Source: CRAN
Version: 1.2
Hash: 05d5a0fb4ddafd0c034c04e570fccc73
Requires: Rcpp, jsonlite

Package: rgdal
Source: CRAN
Version: 1.2-12
Hash: e614836646a73f93db05a2de5b1934d3
Requires: sp

Package: rgeos
Source: CRAN
Version: 0.3-25
Hash: 095275f6ebd3fbf6d2e9567d7f862146
Requires: sp

Package: rjson
Source: CRAN
Version: 0.2.15
Hash: def074f38d0cff3b597649ee6f976128

Package: rlang
Source: CRAN
Version: 0.1.2
Hash: c17b638e3282aa222a47112d7a60bc66

Package: rmapshaper
Source: CRAN
Version: 0.3.0
Hash: fee52838ef96914fddac3cd7c663ac39
Requires: V8, geojsonio, geojsonlint, rgdal, sp

Package: rstudioapi
Source: CRAN
Version: 0.7
Hash: e2ebaff8160aff3e6b32e6e78a693c2d

Package: rvest
Source: CRAN
Version: 0.3.2
Hash: c69f7526520bad66fd2111ebe8b1364b
Requires: httr, magrittr, selectr, xml2

Package: satellite
Source: CRAN
Version: 1.0.1
Hash: 60c99a951233e97bfe2484331fc9477a
Requires: Rcpp, plyr, raster

Package: scales
Source: CRAN
Version: 0.5.0
Hash: c108129462eb98e2699b07201fd12acf
Requires: R6, RColorBrewer, Rcpp, dichromat, labeling, munsell, plyr,
    viridisLite

Package: selectr
Source: CRAN
Version: 0.3-1
Hash: 367275e3dcdd208339e131c7a41bec56
Requires: stringr

Package: semver
Source: CRAN
Version: 0.2.0
Hash: 2eb2029e35bde1a770ad44c5bbbe81db
Requires: Rcpp, assertthat

Package: sf
Source: CRAN
Version: 0.5-4
Hash: e3db69ada2a5fb84aa7ea78d248aabe9
Requires: DBI, Rcpp, magrittr, units

Package: shiny
Source: CRAN
Version: 1.0.5
Hash: 4d47532a807122bfd6bc3818310f9d2e
Requires: R6, digest, htmltools, httpuv, jsonlite, mime, sourcetools,
    xtable

Package: shinythemes
Source: CRAN
Version: 1.1.1
Hash: d15f59eaa7a9a0668cea3af7f477820c
Requires: shiny

Package: sourcetools
Source: CRAN
Version: 0.1.6
Hash: 226d56d7469587da40b0f96180e711b4

Package: sp
Source: CRAN
Version: 1.2-5
Hash: 355c8b47792e18a08da8708132f994e0

Package: stringi
Source: CRAN
Version: 1.1.5
Hash: b6308e49357a0b475f433599e0d8b5eb

Package: stringr
Source: CRAN
Version: 1.2.0
Hash: 25a86d7f410513ebb7c0bc6a5e16bdc3
Requires: magrittr, stringi

Package: subprocess
Source: CRAN
Version: 0.8.1
Hash: 26076a84fb395cfe4155d642d6933aae

Package: tibble
Source: CRAN
Version: 1.3.4
Hash: 3111e0d62502af60fe0fa8b4213fedad
Requires: Rcpp, rlang

Package: tidyr
Source: CRAN
Version: 0.7.1
Hash: 7168c380464c53d2ab81074697631f64
Requires: Rcpp, dplyr, glue, magrittr, purrr, rlang, stringi, tibble,
    tidyselect

Package: tidyselect
Source: CRAN
Version: 0.2.0
Hash: f6ef011a82d0718e198d30639ea42044
Requires: Rcpp, glue, purrr, rlang

Package: udunits2
Source: CRAN
Version: 0.13
Hash: 587587ec23c49271e0657fed726e7846

Package: units
Source: CRAN
Version: 0.4-6
Hash: 26637fde346198982175f763514832ff
Requires: udunits2

Package: uuid
Source: CRAN
Version: 0.1-2
Hash: 69acbbcf4dcff3a258f94de540214001

Package: viridis
Source: CRAN
Version: 0.4.0
Hash: 5bdac1bcf74a10a7a96f82191f498ab7
Requires: ggplot2, gridExtra, viridisLite

Package: viridisLite
Source: CRAN
Version: 0.2.0
Hash: 10f0c25af3dc84eaae10f5854f47efdb

Package: wdman
Source: CRAN
Version: 0.2.2
Hash: d6e969002ac36f5c6b7072c121b87caa
Requires: assertthat, binman, semver, subprocess, yaml

Package: webshot
Source: CRAN
Version: 0.4.2
Hash: 773f4384f1f565aa13f396e9c01c0667
Requires: jsonlite, magrittr

Package: whisker
Source: CRAN
Version: 0.3-2
Hash: 803d662762e532705c2c066a82d066e7

Package: withr
Source: CRAN
Version: 2.0.0
Hash: cc7e555b8e249aa5cf391592fcae71a2

Package: xlsx
Source: CRAN
Version: 0.5.7
Hash: 6acda2cf5190bf93d0b24c5a40b564cf
Requires: rJava, xlsxjars

Package: xlsxjars
Source: CRAN
Version: 0.6.1
Hash: 3902149dad80bcb14fcd88d8c7fd7f3b
Requires: rJava

Package: xml2
Source: CRAN
Version: 1.1.1
Hash: 534feed3c69280ec9529f1e54fd6c428
Requires: BH, Rcpp

Package: xtable
Source: CRAN
Version: 1.8-2
Hash: 7293235cfcc14cdff1ce7fd1a0212031

Package: yaml
Source: CRAN
Version: 2.1.14
Hash: c81230c3a7d9ba20607ad6b4331173d1

Package: zip
Source: CRAN
Version: 1.0.0
Hash: eeef8cf88fb0a89636fe26c134eaef32

Package: zoo
Source: CRAN
Version: 1.8-0
Hash: df9711767f56f086e8a8d1f0fb926ff6
